
Microsoft Visual Studio Solution File, Format Version 12.00
# Visual Studio Version 17
VisualStudioVersion = 17.3.32825.248
MinimumVisualStudioVersion = 10.0.40219.1
Project("{FAE04EC0-301F-11D3-BF4B-00C04F79EFBC}") = "ILIANA_HANGMAN_V1", "ILIANA_HANGMAN_V1\ILIANA_HANGMAN_V1.csproj", "{B4B18F3E-D45A-4523-B18D-E22A465B741C}"
EndProject
Global
	GlobalSection(SolutionConfigurationPlatforms) = preSolution
		Debug|Any CPU = Debug|Any CPU
		Release|Any CPU = Release|Any CPU
	EndGlobalSection
	GlobalSection(ProjectConfigurationPlatforms) = postSolution
		{B4B18F3E-D45A-4523-B18D-E22A465B741C}.Debug|Any CPU.ActiveCfg = Debug|Any CPU
		{B4B18F3E-D45A-4523-B18D-E22A465B741C}.Debug|Any CPU.Build.0 = Debug|Any CPU
		{B4B18F3E-D45A-4523-B18D-E22A465B741C}.Release|Any CPU.ActiveCfg = Release|Any CPU
		{B4B18F3E-D45A-4523-B18D-E22A465B741C}.Release|Any CPU.Build.0 = Release|Any CPU
	EndGlobalSection
	GlobalSection(SolutionProperties) = preSolution
		HideSolutionNode = FALSE
	EndGlobalSection
	GlobalSection(ExtensibilityGlobals) = postSolution
		SolutionGuid = {D6043C8A-DDD6-4D18-BC04-5B75939C4914}
	EndGlobalSection
EndGlobal
